
Microsoft Visual Studio Solution File, Format Version 12.00
# Visual Studio Version 17
VisualStudioVersion = 17.14.36408.4
MinimumVisualStudioVersion = 10.0.40219.1
Project("{FAE04EC0-301F-11D3-BF4B-00C04F79EFBC}") = "WindowsServiceManagement", "WIndowsServiceManagement\WindowsServiceManagement.csproj", "{FE1E4310-4F7B-42BD-B311-21A92A944649}"
EndProject
Global
	GlobalSection(SolutionConfigurationPlatforms) = preSolution
		Debug|Any CPU = Debug|Any CPU
		Release|Any CPU = Release|Any CPU
	EndGlobalSection
	GlobalSection(ProjectConfigurationPlatforms) = postSolution
		{FE1E4310-4F7B-42BD-B311-21A92A944649}.Debug|Any CPU.ActiveCfg = Debug|Any CPU
		{FE1E4310-4F7B-42BD-B311-21A92A944649}.Debug|Any CPU.Build.0 = Debug|Any CPU
		{FE1E4310-4F7B-42BD-B311-21A92A944649}.Release|Any CPU.ActiveCfg = Release|Any CPU
		{FE1E4310-4F7B-42BD-B311-21A92A944649}.Release|Any CPU.Build.0 = Release|Any CPU
	EndGlobalSection
	GlobalSection(SolutionProperties) = preSolution
		HideSolutionNode = FALSE
	EndGlobalSection
	GlobalSection(ExtensibilityGlobals) = postSolution
		SolutionGuid = {B887DACB-3A4E-4A19-B55A-804CB01AC97C}
	EndGlobalSection
EndGlobal
